
Microsoft Visual Studio Solution File, Format Version 12.00
Project("{FAE04EC0-301F-11D3-BF4B-00C04F79EFBC}") = "FinancialAPI", "FinancialAPI\FinancialAPI.csproj", "{CB3E38CB-7A5A-41AF-A7CC-10A59F4AE6B8}"
EndProject
Global
	GlobalSection(SolutionConfigurationPlatforms) = preSolution
		Debug|Any CPU = Debug|Any CPU
		Release|Any CPU = Release|Any CPU
	EndGlobalSection
	GlobalSection(ProjectConfigurationPlatforms) = postSolution
		{CB3E38CB-7A5A-41AF-A7CC-10A59F4AE6B8}.Debug|Any CPU.ActiveCfg = Debug|Any CPU
		{CB3E38CB-7A5A-41AF-A7CC-10A59F4AE6B8}.Debug|Any CPU.Build.0 = Debug|Any CPU
		{CB3E38CB-7A5A-41AF-A7CC-10A59F4AE6B8}.Release|Any CPU.ActiveCfg = Release|Any CPU
		{CB3E38CB-7A5A-41AF-A7CC-10A59F4AE6B8}.Release|Any CPU.Build.0 = Release|Any CPU
	EndGlobalSection
EndGlobal
